
Microsoft Visual Studio Solution File, Format Version 12.00
# Visual Studio Version 17
VisualStudioVersion = 17.3.32929.385
MinimumVisualStudioVersion = 10.0.40219.1
Project("{FAE04EC0-301F-11D3-BF4B-00C04F79EFBC}") = "Lab 4a", "Lab 4a\Lab 4a.csproj", "{1B049B5D-881B-4224-9EFC-14EB36102388}"
EndProject
Global
	GlobalSection(SolutionConfigurationPlatforms) = preSolution
		Debug|Any CPU = Debug|Any CPU
		Release|Any CPU = Release|Any CPU
	EndGlobalSection
	GlobalSection(ProjectConfigurationPlatforms) = postSolution
		{1B049B5D-881B-4224-9EFC-14EB36102388}.Debug|Any CPU.ActiveCfg = Debug|Any CPU
		{1B049B5D-881B-4224-9EFC-14EB36102388}.Debug|Any CPU.Build.0 = Debug|Any CPU
		{1B049B5D-881B-4224-9EFC-14EB36102388}.Release|Any CPU.ActiveCfg = Release|Any CPU
		{1B049B5D-881B-4224-9EFC-14EB36102388}.Release|Any CPU.Build.0 = Release|Any CPU
	EndGlobalSection
	GlobalSection(SolutionProperties) = preSolution
		HideSolutionNode = FALSE
	EndGlobalSection
	GlobalSection(ExtensibilityGlobals) = postSolution
		SolutionGuid = {75E95994-A7F7-43E1-93AA-1CA8CC5741D4}
	EndGlobalSection
EndGlobal
